Microsoft Visual Studio Solution File, Format Version 12.00
# Visual Studio Version 17
VisualStudioVersion = 17.0.31903.59
MinimumVisualStudioVersion = 10.0.40219.1
Project("{2150E333-8FDC-42A3-9474-1A3956D46DE8}") = "PRACTICAL1", "PRACTICAL1", "{7F3A78C1-5AB9-8A4C-D109-D4A15C0CFA74}"
EndProject
Project("{FAE04EC0-301F-11D3-BF4B-00C04F79EFBC}") = "Practical_1", "PRACTICAL1\Practical_1\Practical_1.csproj", "{5B0EDF1C-A998-4112-955E-2C6EBD27AAF9}"
EndProject
Project("{FAE04EC0-301F-11D3-BF4B-00C04F79EFBC}") = "Practical_2", "PRACTICAL2\Practical_2\Practical_2.csproj", "{2B830983-1B86-49B1-84A4-36619DC1C8A9}"
EndProject
Project("{FAE04EC0-301F-11D3-BF4B-00C04F79EFBC}") = "Practical_3", "PRACTICAL3\Practical_3\Practical_3.csproj", "{1DED06D3-AD20-41BC-9AC4-FF82BFB5B670}"
EndProject
Project("{FAE04EC0-301F-11D3-BF4B-00C04F79EFBC}") = "Practical_4", "PRACTICAL4\Practical_4\Practical_4.csproj", "{858A5BCF-3AD5-4571-AB7B-0FC824902A5C}"
EndProject
Project("{FAE04EC0-301F-11D3-BF4B-00C04F79EFBC}") = "AcademicLeaveManagement", "PRACTICAL5\AcademicLeaveManagement\AcademicLeaveManagement\AcademicLeaveManagement.csproj", "{C84D8714-3F86-4FA2-8874-9A47CEBC0055}"
EndProject
Global
	GlobalSection(SolutionConfigurationPlatforms) = preSolution
		Debug|Any CPU = Debug|Any CPU
		Debug|x64 = Debug|x64
		Debug|x86 = Debug|x86
		Release|Any CPU = Release|Any CPU
		Release|x64 = Release|x64
		Release|x86 = Release|x86
	EndGlobalSection
	GlobalSection(ProjectConfigurationPlatforms) = postSolution
		{5B0EDF1C-A998-4112-955E-2C6EBD27AAF9}.Debug|Any CPU.ActiveCfg = Debug|Any CPU
		{5B0EDF1C-A998-4112-955E-2C6EBD27AAF9}.Debug|Any CPU.Build.0 = Debug|Any CPU
		{5B0EDF1C-A998-4112-955E-2C6EBD27AAF9}.Debug|x64.ActiveCfg = Debug|Any CPU
		{5B0EDF1C-A998-4112-955E-2C6EBD27AAF9}.Debug|x64.Build.0 = Debug|Any CPU
		{5B0EDF1C-A998-4112-955E-2C6EBD27AAF9}.Debug|x86.ActiveCfg = Debug|Any CPU
		{5B0EDF1C-A998-4112-955E-2C6EBD27AAF9}.Debug|x86.Build.0 = Debug|Any CPU
		{5B0EDF1C-A998-4112-955E-2C6EBD27AAF9}.Release|Any CPU.ActiveCfg = Release|Any CPU
		{5B0EDF1C-A998-4112-955E-2C6EBD27AAF9}.Release|Any CPU.Build.0 = Release|Any CPU
		{5B0EDF1C-A998-4112-955E-2C6EBD27AAF9}.Release|x64.ActiveCfg = Release|Any CPU
		{5B0EDF1C-A998-4112-955E-2C6EBD27AAF9}.Release|x64.Build.0 = Release|Any CPU
		{5B0EDF1C-A998-4112-955E-2C6EBD27AAF9}.Release|x86.ActiveCfg = Release|Any CPU
		{5B0EDF1C-A998-4112-955E-2C6EBD27AAF9}.Release|x86.Build.0 = Release|Any CPU
		{2B830983-1B86-49B1-84A4-36619DC1C8A9}.Debug|Any CPU.ActiveCfg = Debug|Any CPU
		{2B830983-1B86-49B1-84A4-36619DC1C8A9}.Debug|Any CPU.Build.0 = Debug|Any CPU
		{2B830983-1B86-49B1-84A4-36619DC1C8A9}.Debug|x64.ActiveCfg = Debug|Any CPU
		{2B830983-1B86-49B1-84A4-36619DC1C8A9}.Debug|x64.Build.0 = Debug|Any CPU
		{2B830983-1B86-49B1-84A4-36619DC1C8A9}.Debug|x86.ActiveCfg = Debug|Any CPU
		{2B830983-1B86-49B1-84A4-36619DC1C8A9}.Debug|x86.Build.0 = Debug|Any CPU
		{2B830983-1B86-49B1-84A4-36619DC1C8A9}.Release|Any CPU.ActiveCfg = Release|Any CPU
		{2B830983-1B86-49B1-84A4-36619DC1C8A9}.Release|Any CPU.Build.0 = Release|Any CPU
		{2B830983-1B86-49B1-84A4-36619DC1C8A9}.Release|x64.ActiveCfg = Release|Any CPU
		{2B830983-1B86-49B1-84A4-36619DC1C8A9}.Release|x64.Build.0 = Release|Any CPU
		{2B830983-1B86-49B1-84A4-36619DC1C8A9}.Release|x86.ActiveCfg = Release|Any CPU
		{2B830983-1B86-49B1-84A4-36619DC1C8A9}.Release|x86.Build.0 = Release|Any CPU
		{1DED06D3-AD20-41BC-9AC4-FF82BFB5B670}.Debug|Any CPU.ActiveCfg = Debug|Any CPU
		{1DED06D3-AD20-41BC-9AC4-FF82BFB5B670}.Debug|Any CPU.Build.0 = Debug|Any CPU
		{1DED06D3-AD20-41BC-9AC4-FF82BFB5B670}.Debug|x64.ActiveCfg = Debug|Any CPU
		{1DED06D3-AD20-41BC-9AC4-FF82BFB5B670}.Debug|x64.Build.0 = Debug|Any CPU
		{1DED06D3-AD20-41BC-9AC4-FF82BFB5B670}.Debug|x86.ActiveCfg = Debug|Any CPU
		{1DED06D3-AD20-41BC-9AC4-FF82BFB5B670}.Debug|x86.Build.0 = Debug|Any CPU
		{1DED06D3-AD20-41BC-9AC4-FF82BFB5B670}.Release|Any CPU.ActiveCfg = Release|Any CPU
		{1DED06D3-AD20-41BC-9AC4-FF82BFB5B670}.Release|Any CPU.Build.0 = Release|Any CPU
		{1DED06D3-AD20-41BC-9AC4-FF82BFB5B670}.Release|x64.ActiveCfg = Release|Any CPU
		{1DED06D3-AD20-41BC-9AC4-FF82BFB5B670}.Release|x64.Build.0 = Release|Any CPU
		{1DED06D3-AD20-41BC-9AC4-FF82BFB5B670}.Release|x86.ActiveCfg = Release|Any CPU
		{1DED06D3-AD20-41BC-9AC4-FF82BFB5B670}.Release|x86.Build.0 = Release|Any CPU
		{858A5BCF-3AD5-4571-AB7B-0FC824902A5C}.Debug|Any CPU.ActiveCfg = Debug|Any CPU
		{858A5BCF-3AD5-4571-AB7B-0FC824902A5C}.Debug|Any CPU.Build.0 = Debug|Any CPU
		{858A5BCF-3AD5-4571-AB7B-0FC824902A5C}.Debug|x64.ActiveCfg = Debug|Any CPU
		{858A5BCF-3AD5-4571-AB7B-0FC824902A5C}.Debug|x64.Build.0 = Debug|Any CPU
		{858A5BCF-3AD5-4571-AB7B-0FC824902A5C}.Debug|x86.ActiveCfg = Debug|Any CPU
		{858A5BCF-3AD5-4571-AB7B-0FC824902A5C}.Debug|x86.Build.0 = Debug|Any CPU
		{858A5BCF-3AD5-4571-AB7B-0FC824902A5C}.Release|Any CPU.ActiveCfg = Release|Any CPU
		{858A5BCF-3AD5-4571-AB7B-0FC824902A5C}.Release|Any CPU.Build.0 = Release|Any CPU
		{858A5BCF-3AD5-4571-AB7B-0FC824902A5C}.Release|x64.ActiveCfg = Release|Any CPU
		{858A5BCF-3AD5-4571-AB7B-0FC824902A5C}.Release|x64.Build.0 = Release|Any CPU
		{858A5BCF-3AD5-4571-AB7B-0FC824902A5C}.Release|x86.ActiveCfg = Release|Any CPU
		{858A5BCF-3AD5-4571-AB7B-0FC824902A5C}.Release|x86.Build.0 = Release|Any CPU
		{C84D8714-3F86-4FA2-8874-9A47CEBC0055}.Debug|Any CPU.ActiveCfg = Debug|Any CPU
		{C84D8714-3F86-4FA2-8874-9A47CEBC0055}.Debug|Any CPU.Build.0 = Debug|Any CPU
		{C84D8714-3F86-4FA2-8874-9A47CEBC0055}.Debug|x64.ActiveCfg = Debug|Any CPU
		{C84D8714-3F86-4FA2-8874-9A47CEBC0055}.Debug|x64.Build.0 = Debug|Any CPU
		{C84D8714-3F86-4FA2-8874-9A47CEBC0055}.Debug|x86.ActiveCfg = Debug|Any CPU
		{C84D8714-3F86-4FA2-8874-9A47CEBC0055}.Debug|x86.Build.0 = Debug|Any CPU
		{C84D8714-3F86-4FA2-8874-9A47CEBC0055}.Release|Any CPU.ActiveCfg = Release|Any CPU
		{C84D8714-3F86-4FA2-8874-9A47CEBC0055}.Release|Any CPU.Build.0 = Release|Any CPU
		{C84D8714-3F86-4FA2-8874-9A47CEBC0055}.Release|x64.ActiveCfg = Release|Any CPU
		{C84D8714-3F86-4FA2-8874-9A47CEBC0055}.Release|x64.Build.0 = Release|Any CPU
		{C84D8714-3F86-4FA2-8874-9A47CEBC0055}.Release|x86.ActiveCfg = Release|Any CPU
		{C84D8714-3F86-4FA2-8874-9A47CEBC0055}.Release|x86.Build.0 = Release|Any CPU
	EndGlobalSection
	GlobalSection(SolutionProperties) = preSolution
		HideSolutionNode = FALSE
	EndGlobalSection
	GlobalSection(NestedProjects) = preSolution
		{5B0EDF1C-A998-4112-955E-2C6EBD27AAF9} = {7F3A78C1-5AB9-8A4C-D109-D4A15C0CFA74}
		{2B830983-1B86-49B1-84A4-36619DC1C8A9} = {7F3A78C1-5AB9-8A4C-D109-D4A15C0CFA74}
		{1DED06D3-AD20-41BC-9AC4-FF82BFB5B670} = {7F3A78C1-5AB9-8A4C-D109-D4A15C0CFA74}
		{858A5BCF-3AD5-4571-AB7B-0FC824902A5C} = {7F3A78C1-5AB9-8A4C-D109-D4A15C0CFA74}
	EndGlobalSection
EndGlobal
