
Microsoft Visual Studio Solution File, Format Version 12.00
# Visual Studio Version 17
VisualStudioVersion = 17.0.31903.59
MinimumVisualStudioVersion = 10.0.40219.1
Project("{FAE04EC0-301F-11D3-BF4B-00C04F79EFBC}") = "Practical_4", "Practical_4.csproj", "{E593A4AD-3BD0-4BBA-948A-70D915070EB0}"
EndProject
Global
	GlobalSection(SolutionConfigurationPlatforms) = preSolution
		Debug|Any CPU = Debug|Any CPU
		Debug|x64 = Debug|x64
		Debug|x86 = Debug|x86
		Release|Any CPU = Release|Any CPU
		Release|x64 = Release|x64
		Release|x86 = Release|x86
	EndGlobalSection
	GlobalSection(ProjectConfigurationPlatforms) = postSolution
		{E593A4AD-3BD0-4BBA-948A-70D915070EB0}.Debug|Any CPU.ActiveCfg = Debug|Any CPU
		{E593A4AD-3BD0-4BBA-948A-70D915070EB0}.Debug|Any CPU.Build.0 = Debug|Any CPU
		{E593A4AD-3BD0-4BBA-948A-70D915070EB0}.Debug|x64.ActiveCfg = Debug|Any CPU
		{E593A4AD-3BD0-4BBA-948A-70D915070EB0}.Debug|x64.Build.0 = Debug|Any CPU
		{E593A4AD-3BD0-4BBA-948A-70D915070EB0}.Debug|x86.ActiveCfg = Debug|Any CPU
		{E593A4AD-3BD0-4BBA-948A-70D915070EB0}.Debug|x86.Build.0 = Debug|Any CPU
		{E593A4AD-3BD0-4BBA-948A-70D915070EB0}.Release|Any CPU.ActiveCfg = Release|Any CPU
		{E593A4AD-3BD0-4BBA-948A-70D915070EB0}.Release|Any CPU.Build.0 = Release|Any CPU
		{E593A4AD-3BD0-4BBA-948A-70D915070EB0}.Release|x64.ActiveCfg = Release|Any CPU
		{E593A4AD-3BD0-4BBA-948A-70D915070EB0}.Release|x64.Build.0 = Release|Any CPU
		{E593A4AD-3BD0-4BBA-948A-70D915070EB0}.Release|x86.ActiveCfg = Release|Any CPU
		{E593A4AD-3BD0-4BBA-948A-70D915070EB0}.Release|x86.Build.0 = Release|Any CPU
	EndGlobalSection
	GlobalSection(SolutionProperties) = preSolution
		HideSolutionNode = FALSE
	EndGlobalSection
EndGlobal
